{
  "name": "open-operation-manifesto",
  "lockfileVersion": 2,
  "requires": true,
  "packages": {
    "": {
      "dependencies": {
        "fork-awesome": "^1.2.0"
      },
      "devDependencies": {
        "lato-font": "^3.0.0"
      }
    },
    "node_modules/fork-awesome": {
      "version": "1.2.0",
      "resolved": "https://registry.npmjs.org/fork-awesome/-/fork-awesome-1.2.0.tgz",
      "integrity": "sha512-MNwTBnnudMIweHfDtTY8TeR5fxIAZ2w9o8ITn5XDySqdxa4k5AH8IuAMa89RVxDxgPNlosZxqkFKN5UmHXuYSw==",
      "engines": {
        "node": ">=0.10.3"
      }
    },
    "node_modules/lato-font": {
      "version": "3.0.0",
      "resolved": "https://registry.npmjs.org/lato-font/-/lato-font-3.0.0.tgz",
      "integrity": "sha512-wKhFCh9XX91Lepf38ynnZTNpkQD1OWuXV1RwFgcchUVQZzBixJ/yXCaVCIrNI3CbgT9pLcLzWKgn+6OETzAnug==",
      "dev": true
    }
  },
  "dependencies": {
    "fork-awesome": {
      "version": "1.2.0",
      "resolved": "https://registry.npmjs.org/fork-awesome/-/fork-awesome-1.2.0.tgz",
      "integrity": "sha512-MNwTBnnudMIweHfDtTY8TeR5fxIAZ2w9o8ITn5XDySqdxa4k5AH8IuAMa89RVxDxgPNlosZxqkFKN5UmHXuYSw=="
    },
    "lato-font": {
      "version": "3.0.0",
      "resolved": "https://registry.npmjs.org/lato-font/-/lato-font-3.0.0.tgz",
      "integrity": "sha512-wKhFCh9XX91Lepf38ynnZTNpkQD1OWuXV1RwFgcchUVQZzBixJ/yXCaVCIrNI3CbgT9pLcLzWKgn+6OETzAnug==",
      "dev": true
    }
  }
}
