{
  "name": "open-operations-manifesto",
  "lockfileVersion": 2,
  "requires": true,
  "packages": {
    "": {
      "devDependencies": {
        "lato-font": "^3.0.0"
      }
    },
    "node_modules/lato-font": {
      "version": "3.0.0",
      "resolved": "https://registry.npmjs.org/lato-font/-/lato-font-3.0.0.tgz",
      "integrity": "sha512-wKhFCh9XX91Lepf38ynnZTNpkQD1OWuXV1RwFgcchUVQZzBixJ/yXCaVCIrNI3CbgT9pLcLzWKgn+6OETzAnug==",
      "dev": true
    }
  },
  "dependencies": {
    "lato-font": {
      "version": "3.0.0",
      "resolved": "https://registry.npmjs.org/lato-font/-/lato-font-3.0.0.tgz",
      "integrity": "sha512-wKhFCh9XX91Lepf38ynnZTNpkQD1OWuXV1RwFgcchUVQZzBixJ/yXCaVCIrNI3CbgT9pLcLzWKgn+6OETzAnug==",
      "dev": true
    }
  }
}
